// !$*UTF8*$!
{
	archiveVersion = 1;
	classes = {
	};
	objectVersion = 46;
	objects = {

/* Begin PBXBuildFile section */
		BE1DE6671674266200EA10EC /* DetailViewController.m in Sources */ = {isa = PBXBuildFile; fileRef = BE1DE6651674266200EA10EC /* DetailViewController.m */; };
		BE1DE6681674266200EA10EC /* DetailViewController.xib in Resources */ = {isa = PBXBuildFile; fileRef = BE1DE6661674266200EA10EC /* DetailViewController.xib */; };
		BE1DE66F1674379400EA10EC /* GradientView.m in Sources */ = {isa = PBXBuildFile; fileRef = BE1DE66E1674379400EA10EC /* GradientView.m */; };
		BE1DE671167448B100EA10EC /* QuartzCore.framework in Frameworks */ = {isa = PBXBuildFile; fileRef = BE1DE670167448B100EA10EC /* QuartzCore.framework */; };
		BE3641BF167379560023B971 /* Default.png in Resources */ = {isa = PBXBuildFile; fileRef = BE3641BD167379560023B971 /* Default.png */; };
		BE3641C0167379560023B971 /* Default@2x.png in Resources */ = {isa = PBXBuildFile; fileRef = BE3641BE167379560023B971 /* Default@2x.png */; };
		BE4209C4167205310039A925 /* UIKit.framework in Frameworks */ = {isa = PBXBuildFile; fileRef = BE4209C3167205310039A925 /* UIKit.framework */; };
		BE4209C6167205310039A925 /* Foundation.framework in Frameworks */ = {isa = PBXBuildFile; fileRef = BE4209C5167205310039A925 /* Foundation.framework */; };
		BE4209C8167205310039A925 /* CoreGraphics.framework in Frameworks */ = {isa = PBXBuildFile; fileRef = BE4209C7167205310039A925 /* CoreGraphics.framework */; };
		BE4209CE167205310039A925 /* InfoPlist.strings in Resources */ = {isa = PBXBuildFile; fileRef = BE4209CC167205310039A925 /* InfoPlist.strings */; };
		BE4209D0167205310039A925 /* main.m in Sources */ = {isa = PBXBuildFile; fileRef = BE4209CF167205310039A925 /* main.m */; };
		BE4209D4167205310039A925 /* AppDelegate.m in Sources */ = {isa = PBXBuildFile; fileRef = BE4209D3167205310039A925 /* AppDelegate.m */; };
		BE4209D6167205310039A925 /* Default.png in Resources */ = {isa = PBXBuildFile; fileRef = BE4209D5167205310039A925 /* Default.png */; };
		BE4209D8167205310039A925 /* Default@2x.png in Resources */ = {isa = PBXBuildFile; fileRef = BE4209D7167205310039A925 /* Default@2x.png */; };
		BE4209DA167205310039A925 /* Default-568h@2x.png in Resources */ = {isa = PBXBuildFile; fileRef = BE4209D9167205310039A925 /* Default-568h@2x.png */; };
		BE4209DD167205310039A925 /* SearchViewController.m in Sources */ = {isa = PBXBuildFile; fileRef = BE4209DC167205310039A925 /* SearchViewController.m */; };
		BE4209E0167205310039A925 /* SearchViewController.xib in Resources */ = {isa = PBXBuildFile; fileRef = BE4209DE167205310039A925 /* SearchViewController.xib */; };
		BE4209F1167231020039A925 /* SearchResult.m in Sources */ = {isa = PBXBuildFile; fileRef = BE4209F0167231020039A925 /* SearchResult.m */; };
		BE64A396167320CA005F9F48 /* LoadingCell.xib in Resources */ = {isa = PBXBuildFile; fileRef = BE64A395167320CA005F9F48 /* LoadingCell.xib */; };
		BE64A3AF16735AC8005F9F48 /* AFHTTPClient.m in Sources */ = {isa = PBXBuildFile; fileRef = BE64A39A16735AC8005F9F48 /* AFHTTPClient.m */; settings = {COMPILER_FLAGS = "-fno-objc-arc -Wno-unused"; }; };
		BE64A3B016735AC8005F9F48 /* AFHTTPRequestOperation.m in Sources */ = {isa = PBXBuildFile; fileRef = BE64A39C16735AC8005F9F48 /* AFHTTPRequestOperation.m */; settings = {COMPILER_FLAGS = "-fno-objc-arc"; }; };
		BE64A3B116735AC8005F9F48 /* AFImageCache.m in Sources */ = {isa = PBXBuildFile; fileRef = BE64A39E16735AC8005F9F48 /* AFImageCache.m */; settings = {COMPILER_FLAGS = "-fno-objc-arc"; }; };
		BE64A3B216735AC8005F9F48 /* AFImageRequestOperation.m in Sources */ = {isa = PBXBuildFile; fileRef = BE64A3A016735AC8005F9F48 /* AFImageRequestOperation.m */; settings = {COMPILER_FLAGS = "-fno-objc-arc"; }; };
		BE64A3B316735AC8005F9F48 /* AFJSONRequestOperation.m in Sources */ = {isa = PBXBuildFile; fileRef = BE64A3A216735AC8005F9F48 /* AFJSONRequestOperation.m */; settings = {COMPILER_FLAGS = "-fno-objc-arc -Wno-unused"; }; };
		BE64A3B416735AC8005F9F48 /* AFNetworkActivityIndicatorManager.m in Sources */ = {isa = PBXBuildFile; fileRef = BE64A3A516735AC8005F9F48 /* AFNetworkActivityIndicatorManager.m */; settings = {COMPILER_FLAGS = "-fno-objc-arc"; }; };
		BE64A3B516735AC8005F9F48 /* AFPropertyListRequestOperation.m in Sources */ = {isa = PBXBuildFile; fileRef = BE64A3A816735AC8005F9F48 /* AFPropertyListRequestOperation.m */; settings = {COMPILER_FLAGS = "-fno-objc-arc"; }; };
		BE64A3B616735AC8005F9F48 /* AFURLConnectionOperation.m in Sources */ = {isa = PBXBuildFile; fileRef = BE64A3AA16735AC8005F9F48 /* AFURLConnectionOperation.m */; settings = {COMPILER_FLAGS = "-fno-objc-arc"; }; };
		BE64A3B716735AC8005F9F48 /* AFXMLRequestOperation.m in Sources */ = {isa = PBXBuildFile; fileRef = BE64A3AC16735AC8005F9F48 /* AFXMLRequestOperation.m */; settings = {COMPILER_FLAGS = "-fno-objc-arc -Wno-unused"; }; };
		BE64A3B816735AC8005F9F48 /* UIImageView+AFNetworking.m in Sources */ = {isa = PBXBuildFile; fileRef = BE64A3AE16735AC8005F9F48 /* UIImageView+AFNetworking.m */; settings = {COMPILER_FLAGS = "-fno-objc-arc"; }; };
		BEFFB2681672CE200002BF32 /* BarTexture.png in Resources */ = {isa = PBXBuildFile; fileRef = BEFFB2591672CE200002BF32 /* BarTexture.png */; };
		BEFFB2691672CE200002BF32 /* BarTexture@2x.png in Resources */ = {isa = PBXBuildFile; fileRef = BEFFB25A1672CE200002BF32 /* BarTexture@2x.png */; };
		BEFFB26A1672CE200002BF32 /* CloseButton.png in Resources */ = {isa = PBXBuildFile; fileRef = BEFFB25B1672CE200002BF32 /* CloseButton.png */; };
		BEFFB26B1672CE200002BF32 /* CloseButton@2x.png in Resources */ = {isa = PBXBuildFile; fileRef = BEFFB25C1672CE200002BF32 /* CloseButton@2x.png */; };
		BEFFB26C1672CE200002BF32 /* DetailPlaceholder.png in Resources */ = {isa = PBXBuildFile; fileRef = BEFFB25D1672CE200002BF32 /* DetailPlaceholder.png */; };
		BEFFB26D1672CE200002BF32 /* DetailPlaceholder@2x.png in Resources */ = {isa = PBXBuildFile; fileRef = BEFFB25E1672CE200002BF32 /* DetailPlaceholder@2x.png */; };
		BEFFB26E1672CE200002BF32 /* LandscapeBackground.png in Resources */ = {isa = PBXBuildFile; fileRef = BEFFB25F1672CE200002BF32 /* LandscapeBackground.png */; };
		BEFFB26F1672CE200002BF32 /* LandscapeButton.png in Resources */ = {isa = PBXBuildFile; fileRef = BEFFB2601672CE200002BF32 /* LandscapeButton.png */; };
		BEFFB2701672CE200002BF32 /* LandscapeButton@2x.png in Resources */ = {isa = PBXBuildFile; fileRef = BEFFB2611672CE200002BF32 /* LandscapeButton@2x.png */; };
		BEFFB2711672CE200002BF32 /* Placeholder.png in Resources */ = {isa = PBXBuildFile; fileRef = BEFFB2621672CE200002BF32 /* Placeholder.png */; };
		BEFFB2721672CE200002BF32 /* Placeholder@2x.png in Resources */ = {isa = PBXBuildFile; fileRef = BEFFB2631672CE200002BF32 /* Placeholder@2x.png */; };
		BEFFB2731672CE200002BF32 /* SelectedTableCellGradient.png in Resources */ = {isa = PBXBuildFile; fileRef = BEFFB2641672CE200002BF32 /* SelectedTableCellGradient.png */; };
		BEFFB2741672CE200002BF32 /* StoreButton.png in Resources */ = {isa = PBXBuildFile; fileRef = BEFFB2651672CE200002BF32 /* StoreButton.png */; };
		BEFFB2751672CE200002BF32 /* StoreButton@2x.png in Resources */ = {isa = PBXBuildFile; fileRef = BEFFB2661672CE200002BF32 /* StoreButton@2x.png */; };
		BEFFB2761672CE200002BF32 /* TableCellGradient.png in Resources */ = {isa = PBXBuildFile; fileRef = BEFFB2671672CE200002BF32 /* TableCellGradient.png */; };
		BEFFB2791672CE650002BF32 /* SearchResultCell.xib in Resources */ = {isa = PBXBuildFile; fileRef = BEFFB2781672CE650002BF32 /* SearchResultCell.xib */; };
		BEFFB27C1672D1C50002BF32 /* SearchResultCell.m in Sources */ = {isa = PBXBuildFile; fileRef = BEFFB27B1672D1C50002BF32 /* SearchResultCell.m */; };
		BEFFB27E1672D6590002BF32 /* NothingFoundCell.xib in Resources */ = {isa = PBXBuildFile; fileRef = BEFFB27D1672D6590002BF32 /* NothingFoundCell.xib */; };
		BEFFB2891672D9850002BF32 /* Icon-72.png in Resources */ = {isa = PBXBuildFile; fileRef = BEFFB2801672D9850002BF32 /* Icon-72.png */; };
		BEFFB28A1672D9850002BF32 /* Icon-72@2x.png in Resources */ = {isa = PBXBuildFile; fileRef = BEFFB2811672D9850002BF32 /* Icon-72@2x.png */; };
		BEFFB28B1672D9850002BF32 /* Icon-Small-50.png in Resources */ = {isa = PBXBuildFile; fileRef = BEFFB2821672D9850002BF32 /* Icon-Small-50.png */; };
		BEFFB28C1672D9850002BF32 /* Icon-Small-50@2x.png in Resources */ = {isa = PBXBuildFile; fileRef = BEFFB2831672D9850002BF32 /* Icon-Small-50@2x.png */; };
		BEFFB28D1672D9850002BF32 /* Icon-Small.png in Resources */ = {isa = PBXBuildFile; fileRef = BEFFB2841672D9850002BF32 /* Icon-Small.png */; };
		BEFFB28E1672D9850002BF32 /* Icon-Small@2x.png in Resources */ = {isa = PBXBuildFile; fileRef = BEFFB2851672D9850002BF32 /* Icon-Small@2x.png */; };
		BEFFB28F1672D9850002BF32 /* Icon.png in Resources */ = {isa = PBXBuildFile; fileRef = BEFFB2861672D9850002BF32 /* Icon.png */; };
		BEFFB2901672D9850002BF32 /* Icon@2x.png in Resources */ = {isa = PBXBuildFile; fileRef = BEFFB2871672D9850002BF32 /* Icon@2x.png */; };
		BEFFB2911672D9850002BF32 /* iTunesArtwork in Resources */ = {isa = PBXBuildFile; fileRef = BEFFB2881672D9850002BF32 /* iTunesArtwork */; };
/* End PBXBuildFile section */

/* Begin PBXFileReference section */
		BE1DE6641674266200EA10EC /* DetailViewController.h */ = {isa = PBXFileReference; fileEncoding = 4; lastKnownFileType = sourcecode.c.h; path = DetailViewController.h; sourceTree = "<group>"; };
		BE1DE6651674266200EA10EC /* DetailViewController.m */ = {isa = PBXFileReference; fileEncoding = 4; lastKnownFileType = sourcecode.c.objc; path = DetailViewController.m; sourceTree = "<group>"; };
		BE1DE6661674266200EA10EC /* DetailViewController.xib */ = {isa = PBXFileReference; fileEncoding = 4; lastKnownFileType = file.xib; path = DetailViewController.xib; sourceTree = "<group>"; };
		BE1DE66D1674379400EA10EC /* GradientView.h */ = {isa = PBXFileReference; fileEncoding = 4; lastKnownFileType = sourcecode.c.h; path = GradientView.h; sourceTree = "<group>"; };
		BE1DE66E1674379400EA10EC /* GradientView.m */ = {isa = PBXFileReference; fileEncoding = 4; lastKnownFileType = sourcecode.c.objc; path = GradientView.m; sourceTree = "<group>"; };
		BE1DE670167448B100EA10EC /* QuartzCore.framework */ = {isa = PBXFileReference; lastKnownFileType = wrapper.framework; name = QuartzCore.framework; path = System/Library/Frameworks/QuartzCore.framework; sourceTree = SDKROOT; };
		BE3641BD167379560023B971 /* Default.png */ = {isa = PBXFileReference; lastKnownFileType = image.png; path = Default.png; sourceTree = "<group>"; };
		BE3641BE167379560023B971 /* Default@2x.png */ = {isa = PBXFileReference; lastKnownFileType = image.png; path = "Default@2x.png"; sourceTree = "<group>"; };
		BE4209BF167205310039A925 /* MyStoreSearch.app */ = {isa = PBXFileReference; explicitFileType = wrapper.application; includeInIndex = 0; path = MyStoreSearch.app; sourceTree = BUILT_PRODUCTS_DIR; };
		BE4209C3167205310039A925 /* UIKit.framework */ = {isa = PBXFileReference; lastKnownFileType = wrapper.framework; name = UIKit.framework; path = System/Library/Frameworks/UIKit.framework; sourceTree = SDKROOT; };
		BE4209C5167205310039A925 /* Foundation.framework */ = {isa = PBXFileReference; lastKnownFileType = wrapper.framework; name = Foundation.framework; path = System/Library/Frameworks/Foundation.framework; sourceTree = SDKROOT; };
		BE4209C7167205310039A925 /* CoreGraphics.framework */ = {isa = PBXFileReference; lastKnownFileType = wrapper.framework; name = CoreGraphics.framework; path = System/Library/Frameworks/CoreGraphics.framework; sourceTree = SDKROOT; };
		BE4209CB167205310039A925 /* MyStoreSearch-Info.plist */ = {isa = PBXFileReference; lastKnownFileType = text.plist.xml; path = "MyStoreSearch-Info.plist"; sourceTree = "<group>"; };
		BE4209CD167205310039A925 /* en */ = {isa = PBXFileReference; lastKnownFileType = text.plist.strings; name = en; path = en.lproj/InfoPlist.strings; sourceTree = "<group>"; };
		BE4209CF167205310039A925 /* main.m */ = {isa = PBXFileReference; lastKnownFileType = sourcecode.c.objc; path = main.m; sourceTree = "<group>"; };
		BE4209D1167205310039A925 /* MyStoreSearch-Prefix.pch */ = {isa = PBXFileReference; lastKnownFileType = sourcecode.c.h; path = "MyStoreSearch-Prefix.pch"; sourceTree = "<group>"; };
		BE4209D2167205310039A925 /* AppDelegate.h */ = {isa = PBXFileReference; lastKnownFileType = sourcecode.c.h; path = AppDelegate.h; sourceTree = "<group>"; };
		BE4209D3167205310039A925 /* AppDelegate.m */ = {isa = PBXFileReference; lastKnownFileType = sourcecode.c.objc; path = AppDelegate.m; sourceTree = "<group>"; };
		BE4209D5167205310039A925 /* Default.png */ = {isa = PBXFileReference; lastKnownFileType = image.png; path = Default.png; sourceTree = "<group>"; };
		BE4209D7167205310039A925 /* Default@2x.png */ = {isa = PBXFileReference; lastKnownFileType = image.png; path = "Default@2x.png"; sourceTree = "<group>"; };
		BE4209D9167205310039A925 /* Default-568h@2x.png */ = {isa = PBXFileReference; lastKnownFileType = image.png; path = "Default-568h@2x.png"; sourceTree = "<group>"; };
		BE4209DB167205310039A925 /* SearchViewController.h */ = {isa = PBXFileReference; lastKnownFileType = sourcecode.c.h; path = SearchViewController.h; sourceTree = "<group>"; };
		BE4209DC167205310039A925 /* SearchViewController.m */ = {isa = PBXFileReference; lastKnownFileType = sourcecode.c.objc; path = SearchViewController.m; sourceTree = "<group>"; };
		BE4209DF167205310039A925 /* en */ = {isa = PBXFileReference; lastKnownFileType = file.xib; name = en; path = en.lproj/SearchViewController.xib; sourceTree = "<group>"; };
		BE4209EF167231020039A925 /* SearchResult.h */ = {isa = PBXFileReference; fileEncoding = 4; lastKnownFileType = sourcecode.c.h; path = SearchResult.h; sourceTree = "<group>"; };
		BE4209F0167231020039A925 /* SearchResult.m */ = {isa = PBXFileReference; fileEncoding = 4; lastKnownFileType = sourcecode.c.objc; path = SearchResult.m; sourceTree = "<group>"; };
		BE64A395167320CA005F9F48 /* LoadingCell.xib */ = {isa = PBXFileReference; fileEncoding = 4; lastKnownFileType = file.xib; path = LoadingCell.xib; sourceTree = "<group>"; };
		BE64A39916735AC8005F9F48 /* AFHTTPClient.h */ = {isa = PBXFileReference; fileEncoding = 4; lastKnownFileType = sourcecode.c.h; path = AFHTTPClient.h; sourceTree = "<group>"; };
		BE64A39A16735AC8005F9F48 /* AFHTTPClient.m */ = {isa = PBXFileReference; fileEncoding = 4; lastKnownFileType = sourcecode.c.objc; path = AFHTTPClient.m; sourceTree = "<group>"; };
		BE64A39B16735AC8005F9F48 /* AFHTTPRequestOperation.h */ = {isa = PBXFileReference; fileEncoding = 4; lastKnownFileType = sourcecode.c.h; path = AFHTTPRequestOperation.h; sourceTree = "<group>"; };
		BE64A39C16735AC8005F9F48 /* AFHTTPRequestOperation.m */ = {isa = PBXFileReference; fileEncoding = 4; lastKnownFileType = sourcecode.c.objc; path = AFHTTPRequestOperation.m; sourceTree = "<group>"; };
		BE64A39D16735AC8005F9F48 /* AFImageCache.h */ = {isa = PBXFileReference; fileEncoding = 4; lastKnownFileType = sourcecode.c.h; path = AFImageCache.h; sourceTree = "<group>"; };
		BE64A39E16735AC8005F9F48 /* AFImageCache.m */ = {isa = PBXFileReference; fileEncoding = 4; lastKnownFileType = sourcecode.c.objc; path = AFImageCache.m; sourceTree = "<group>"; };
		BE64A39F16735AC8005F9F48 /* AFImageRequestOperation.h */ = {isa = PBXFileReference; fileEncoding = 4; lastKnownFileType = sourcecode.c.h; path = AFImageRequestOperation.h; sourceTree = "<group>"; };
		BE64A3A016735AC8005F9F48 /* AFImageRequestOperation.m */ = {isa = PBXFileReference; fileEncoding = 4; lastKnownFileType = sourcecode.c.objc; path = AFImageRequestOperation.m; sourceTree = "<group>"; };
		BE64A3A116735AC8005F9F48 /* AFJSONRequestOperation.h */ = {isa = PBXFileReference; fileEncoding = 4; lastKnownFileType = sourcecode.c.h; path = AFJSONRequestOperation.h; sourceTree = "<group>"; };
		BE64A3A216735AC8005F9F48 /* AFJSONRequestOperation.m */ = {isa = PBXFileReference; fileEncoding = 4; lastKnownFileType = sourcecode.c.objc; path = AFJSONRequestOperation.m; sourceTree = "<group>"; };
		BE64A3A316735AC8005F9F48 /* AFJSONUtilities.h */ = {isa = PBXFileReference; fileEncoding = 4; lastKnownFileType = sourcecode.c.h; path = AFJSONUtilities.h; sourceTree = "<group>"; };
		BE64A3A416735AC8005F9F48 /* AFNetworkActivityIndicatorManager.h */ = {isa = PBXFileReference; fileEncoding = 4; lastKnownFileType = sourcecode.c.h; path = AFNetworkActivityIndicatorManager.h; sourceTree = "<group>"; };
		BE64A3A516735AC8005F9F48 /* AFNetworkActivityIndicatorManager.m */ = {isa = PBXFileReference; fileEncoding = 4; lastKnownFileType = sourcecode.c.objc; path = AFNetworkActivityIndicatorManager.m; sourceTree = "<group>"; };
		BE64A3A616735AC8005F9F48 /* AFNetworking.h */ = {isa = PBXFileReference; fileEncoding = 4; lastKnownFileType = sourcecode.c.h; path = AFNetworking.h; sourceTree = "<group>"; };
		BE64A3A716735AC8005F9F48 /* AFPropertyListRequestOperation.h */ = {isa = PBXFileReference; fileEncoding = 4; lastKnownFileType = sourcecode.c.h; path = AFPropertyListRequestOperation.h; sourceTree = "<group>"; };
		BE64A3A816735AC8005F9F48 /* AFPropertyListRequestOperation.m */ = {isa = PBXFileReference; fileEncoding = 4; lastKnownFileType = sourcecode.c.objc; path = AFPropertyListRequestOperation.m; sourceTree = "<group>"; };
		BE64A3A916735AC8005F9F48 /* AFURLConnectionOperation.h */ = {isa = PBXFileReference; fileEncoding = 4; lastKnownFileType = sourcecode.c.h; path = AFURLConnectionOperation.h; sourceTree = "<group>"; };
		BE64A3AA16735AC8005F9F48 /* AFURLConnectionOperation.m */ = {isa = PBXFileReference; fileEncoding = 4; lastKnownFileType = sourcecode.c.objc; path = AFURLConnectionOperation.m; sourceTree = "<group>"; };
		BE64A3AB16735AC8005F9F48 /* AFXMLRequestOperation.h */ = {isa = PBXFileReference; fileEncoding = 4; lastKnownFileType = sourcecode.c.h; path = AFXMLRequestOperation.h; sourceTree = "<group>"; };
		BE64A3AC16735AC8005F9F48 /* AFXMLRequestOperation.m */ = {isa = PBXFileReference; fileEncoding = 4; lastKnownFileType = sourcecode.c.objc; path = AFXMLRequestOperation.m; sourceTree = "<group>"; };
		BE64A3AD16735AC8005F9F48 /* UIImageView+AFNetworking.h */ = {isa = PBXFileReference; fileEncoding = 4; lastKnownFileType = sourcecode.c.h; path = "UIImageView+AFNetworking.h"; sourceTree = "<group>"; };
		BE64A3AE16735AC8005F9F48 /* UIImageView+AFNetworking.m */ = {isa = PBXFileReference; fileEncoding = 4; lastKnownFileType = sourcecode.c.objc; path = "UIImageView+AFNetworking.m"; sourceTree = "<group>"; };
		BEFFB2591672CE200002BF32 /* BarTexture.png */ = {isa = PBXFileReference; lastKnownFileType = image.png; path = BarTexture.png; sourceTree = "<group>"; };
		BEFFB25A1672CE200002BF32 /* BarTexture@2x.png */ = {isa = PBXFileReference; lastKnownFileType = image.png; path = "BarTexture@2x.png"; sourceTree = "<group>"; };
		BEFFB25B1672CE200002BF32 /* CloseButton.png */ = {isa = PBXFileReference; lastKnownFileType = image.png; path = CloseButton.png; sourceTree = "<group>"; };
		BEFFB25C1672CE200002BF32 /* CloseButton@2x.png */ = {isa = PBXFileReference; lastKnownFileType = image.png; path = "CloseButton@2x.png"; sourceTree = "<group>"; };
		BEFFB25D1672CE200002BF32 /* DetailPlaceholder.png */ = {isa = PBXFileReference; lastKnownFileType = image.png; path = DetailPlaceholder.png; sourceTree = "<group>"; };
		BEFFB25E1672CE200002BF32 /* DetailPlaceholder@2x.png */ = {isa = PBXFileReference; lastKnownFileType = image.png; path = "DetailPlaceholder@2x.png"; sourceTree = "<group>"; };
		BEFFB25F1672CE200002BF32 /* LandscapeBackground.png */ = {isa = PBXFileReference; lastKnownFileType = image.png; path = LandscapeBackground.png; sourceTree = "<group>"; };
		BEFFB2601672CE200002BF32 /* LandscapeButton.png */ = {isa = PBXFileReference; lastKnownFileType = image.png; path = LandscapeButton.png; sourceTree = "<group>"; };
		BEFFB2611672CE200002BF32 /* LandscapeButton@2x.png */ = {isa = PBXFileReference; lastKnownFileType = image.png; path = "LandscapeButton@2x.png"; sourceTree = "<group>"; };
		BEFFB2621672CE200002BF32 /* Placeholder.png */ = {isa = PBXFileReference; lastKnownFileType = image.png; path = Placeholder.png; sourceTree = "<group>"; };
		BEFFB2631672CE200002BF32 /* Placeholder@2x.png */ = {isa = PBXFileReference; lastKnownFileType = image.png; path = "Placeholder@2x.png"; sourceTree = "<group>"; };
		BEFFB2641672CE200002BF32 /* SelectedTableCellGradient.png */ = {isa = PBXFileReference; lastKnownFileType = image.png; path = SelectedTableCellGradient.png; sourceTree = "<group>"; };
		BEFFB2651672CE200002BF32 /* StoreButton.png */ = {isa = PBXFileReference; lastKnownFileType = image.png; path = StoreButton.png; sourceTree = "<group>"; };
		BEFFB2661672CE200002BF32 /* StoreButton@2x.png */ = {isa = PBXFileReference; lastKnownFileType = image.png; path = "StoreButton@2x.png"; sourceTree = "<group>"; };
		BEFFB2671672CE200002BF32 /* TableCellGradient.png */ = {isa = PBXFileReference; lastKnownFileType = image.png; path = TableCellGradient.png; sourceTree = "<group>"; };
		BEFFB2781672CE650002BF32 /* SearchResultCell.xib */ = {isa = PBXFileReference; fileEncoding = 4; lastKnownFileType = file.xib; path = SearchResultCell.xib; sourceTree = "<group>"; };
		BEFFB27A1672D1C50002BF32 /* SearchResultCell.h */ = {isa = PBXFileReference; fileEncoding = 4; lastKnownFileType = sourcecode.c.h; path = SearchResultCell.h; sourceTree = "<group>"; };
		BEFFB27B1672D1C50002BF32 /* SearchResultCell.m */ = {isa = PBXFileReference; fileEncoding = 4; lastKnownFileType = sourcecode.c.objc; path = SearchResultCell.m; sourceTree = "<group>"; };
		BEFFB27D1672D6590002BF32 /* NothingFoundCell.xib */ = {isa = PBXFileReference; fileEncoding = 4; lastKnownFileType = file.xib; path = NothingFoundCell.xib; sourceTree = "<group>"; };
		BEFFB2801672D9850002BF32 /* Icon-72.png */ = {isa = PBXFileReference; lastKnownFileType = image.png; path = "Icon-72.png"; sourceTree = "<group>"; };
		BEFFB2811672D9850002BF32 /* Icon-72@2x.png */ = {isa = PBXFileReference; lastKnownFileType = image.png; path = "Icon-72@2x.png"; sourceTree = "<group>"; };
		BEFFB2821672D9850002BF32 /* Icon-Small-50.png */ = {isa = PBXFileReference; lastKnownFileType = image.png; path = "Icon-Small-50.png"; sourceTree = "<group>"; };
		BEFFB2831672D9850002BF32 /* Icon-Small-50@2x.png */ = {isa = PBXFileReference; lastKnownFileType = image.png; path = "Icon-Small-50@2x.png"; sourceTree = "<group>"; };
		BEFFB2841672D9850002BF32 /* Icon-Small.png */ = {isa = PBXFileReference; lastKnownFileType = image.png; path = "Icon-Small.png"; sourceTree = "<group>"; };
		BEFFB2851672D9850002BF32 /* Icon-Small@2x.png */ = {isa = PBXFileReference; lastKnownFileType = image.png; path = "Icon-Small@2x.png"; sourceTree = "<group>"; };
		BEFFB2861672D9850002BF32 /* Icon.png */ = {isa = PBXFileReference; lastKnownFileType = image.png; path = Icon.png; sourceTree = "<group>"; };
		BEFFB2871672D9850002BF32 /* Icon@2x.png */ = {isa = PBXFileReference; lastKnownFileType = image.png; path = "Icon@2x.png"; sourceTree = "<group>"; };
		BEFFB2881672D9850002BF32 /* iTunesArtwork */ = {isa = PBXFileReference; lastKnownFileType = file; path = iTunesArtwork; sourceTree = "<group>"; };
/* End PBXFileReference section */

/* Begin PBXFrameworksBuildPhase section */
		BE4209BC167205310039A925 /* Frameworks */ = {
			isa = PBXFrameworksBuildPhase;
			buildActionMask = 2147483647;
			files = (
				BE1DE671167448B100EA10EC /* QuartzCore.framework in Frameworks */,
				BE4209C4167205310039A925 /* UIKit.framework in Frameworks */,
				BE4209C6167205310039A925 /* Foundation.framework in Frameworks */,
				BE4209C8167205310039A925 /* CoreGraphics.framework in Frameworks */,
			);
			runOnlyForDeploymentPostprocessing = 0;
		};
/* End PBXFrameworksBuildPhase section */

/* Begin PBXGroup section */
		BE3641BC167379560023B971 /* Launch Images */ = {
			isa = PBXGroup;
			children = (
				BE3641BD167379560023B971 /* Default.png */,
				BE3641BE167379560023B971 /* Default@2x.png */,
			);
			path = "Launch Images";
			sourceTree = "<group>";
		};
		BE4209B4167205310039A925 = {
			isa = PBXGroup;
			children = (
				BE1DE670167448B100EA10EC /* QuartzCore.framework */,
				BE3641BC167379560023B971 /* Launch Images */,
				BE64A39816735AC8005F9F48 /* AFNetworking */,
				BEFFB27F1672D9850002BF32 /* Icon */,
				BEFFB2581672CE200002BF32 /* Images */,
				BE4209C9167205310039A925 /* MyStoreSearch */,
				BE4209C2167205310039A925 /* Frameworks */,
				BE4209C0167205310039A925 /* Products */,
			);
			sourceTree = "<group>";
		};
		BE4209C0167205310039A925 /* Products */ = {
			isa = PBXGroup;
			children = (
				BE4209BF167205310039A925 /* MyStoreSearch.app */,
			);
			name = Products;
			sourceTree = "<group>";
		};
		BE4209C2167205310039A925 /* Frameworks */ = {
			isa = PBXGroup;
			children = (
				BE4209C3167205310039A925 /* UIKit.framework */,
				BE4209C5167205310039A925 /* Foundation.framework */,
				BE4209C7167205310039A925 /* CoreGraphics.framework */,
			);
			name = Frameworks;
			sourceTree = "<group>";
		};
		BE4209C9167205310039A925 /* MyStoreSearch */ = {
			isa = PBXGroup;
			children = (
				BE4209D2167205310039A925 /* AppDelegate.h */,
				BE64A395167320CA005F9F48 /* LoadingCell.xib */,
				BE1DE6641674266200EA10EC /* DetailViewController.h */,
				BE1DE6651674266200EA10EC /* DetailViewController.m */,
				BE1DE6661674266200EA10EC /* DetailViewController.xib */,
				BE4209D3167205310039A925 /* AppDelegate.m */,
				BE1DE66D1674379400EA10EC /* GradientView.h */,
				BE1DE66E1674379400EA10EC /* GradientView.m */,
				BE4209DB167205310039A925 /* SearchViewController.h */,
				BE4209DC167205310039A925 /* SearchViewController.m */,
				BE4209EF167231020039A925 /* SearchResult.h */,
				BE4209F0167231020039A925 /* SearchResult.m */,
				BE4209DE167205310039A925 /* SearchViewController.xib */,
				BEFFB2781672CE650002BF32 /* SearchResultCell.xib */,
				BEFFB27A1672D1C50002BF32 /* SearchResultCell.h */,
				BEFFB27B1672D1C50002BF32 /* SearchResultCell.m */,
				BEFFB27D1672D6590002BF32 /* NothingFoundCell.xib */,
				BE4209CA167205310039A925 /* Supporting Files */,
			);
			path = MyStoreSearch;
			sourceTree = "<group>";
		};
		BE4209CA167205310039A925 /* Supporting Files */ = {
			isa = PBXGroup;
			children = (
				BE4209CB167205310039A925 /* MyStoreSearch-Info.plist */,
				BE4209CC167205310039A925 /* InfoPlist.strings */,
				BE4209CF167205310039A925 /* main.m */,
				BE4209D1167205310039A925 /* MyStoreSearch-Prefix.pch */,
				BE4209D5167205310039A925 /* Default.png */,
				BE4209D7167205310039A925 /* Default@2x.png */,
				BE4209D9167205310039A925 /* Default-568h@2x.png */,
			);
			name = "Supporting Files";
			sourceTree = "<group>";
		};
		BE64A39816735AC8005F9F48 /* AFNetworking */ = {
			isa = PBXGroup;
			children = (
				BE64A39916735AC8005F9F48 /* AFHTTPClient.h */,
				BE64A39A16735AC8005F9F48 /* AFHTTPClient.m */,
				BE64A39B16735AC8005F9F48 /* AFHTTPRequestOperation.h */,
				BE64A39C16735AC8005F9F48 /* AFHTTPRequestOperation.m */,
				BE64A39D16735AC8005F9F48 /* AFImageCache.h */,
				BE64A39E16735AC8005F9F48 /* AFImageCache.m */,
				BE64A39F16735AC8005F9F48 /* AFImageRequestOperation.h */,
				BE64A3A016735AC8005F9F48 /* AFImageRequestOperation.m */,
				BE64A3A116735AC8005F9F48 /* AFJSONRequestOperation.h */,
				BE64A3A216735AC8005F9F48 /* AFJSONRequestOperation.m */,
				BE64A3A316735AC8005F9F48 /* AFJSONUtilities.h */,
				BE64A3A416735AC8005F9F48 /* AFNetworkActivityIndicatorManager.h */,
				BE64A3A516735AC8005F9F48 /* AFNetworkActivityIndicatorManager.m */,
				BE64A3A616735AC8005F9F48 /* AFNetworking.h */,
				BE64A3A716735AC8005F9F48 /* AFPropertyListRequestOperation.h */,
				BE64A3A816735AC8005F9F48 /* AFPropertyListRequestOperation.m */,
				BE64A3A916735AC8005F9F48 /* AFURLConnectionOperation.h */,
				BE64A3AA16735AC8005F9F48 /* AFURLConnectionOperation.m */,
				BE64A3AB16735AC8005F9F48 /* AFXMLRequestOperation.h */,
				BE64A3AC16735AC8005F9F48 /* AFXMLRequestOperation.m */,
				BE64A3AD16735AC8005F9F48 /* UIImageView+AFNetworking.h */,
				BE64A3AE16735AC8005F9F48 /* UIImageView+AFNetworking.m */,
			);
			path = AFNetworking;
			sourceTree = "<group>";
		};
		BEFFB2581672CE200002BF32 /* Images */ = {
			isa = PBXGroup;
			children = (
				BEFFB2591672CE200002BF32 /* BarTexture.png */,
				BEFFB25A1672CE200002BF32 /* BarTexture@2x.png */,
				BEFFB25B1672CE200002BF32 /* CloseButton.png */,
				BEFFB25C1672CE200002BF32 /* CloseButton@2x.png */,
				BEFFB25D1672CE200002BF32 /* DetailPlaceholder.png */,
				BEFFB25E1672CE200002BF32 /* DetailPlaceholder@2x.png */,
				BEFFB25F1672CE200002BF32 /* LandscapeBackground.png */,
				BEFFB2601672CE200002BF32 /* LandscapeButton.png */,
				BEFFB2611672CE200002BF32 /* LandscapeButton@2x.png */,
				BEFFB2621672CE200002BF32 /* Placeholder.png */,
				BEFFB2631672CE200002BF32 /* Placeholder@2x.png */,
				BEFFB2641672CE200002BF32 /* SelectedTableCellGradient.png */,
				BEFFB2651672CE200002BF32 /* StoreButton.png */,
				BEFFB2661672CE200002BF32 /* StoreButton@2x.png */,
				BEFFB2671672CE200002BF32 /* TableCellGradient.png */,
			);
			path = Images;
			sourceTree = "<group>";
		};
		BEFFB27F1672D9850002BF32 /* Icon */ = {
			isa = PBXGroup;
			children = (
				BEFFB2801672D9850002BF32 /* Icon-72.png */,
				BEFFB2811672D9850002BF32 /* Icon-72@2x.png */,
				BEFFB2821672D9850002BF32 /* Icon-Small-50.png */,
				BEFFB2831672D9850002BF32 /* Icon-Small-50@2x.png */,
				BEFFB2841672D9850002BF32 /* Icon-Small.png */,
				BEFFB2851672D9850002BF32 /* Icon-Small@2x.png */,
				BEFFB2861672D9850002BF32 /* Icon.png */,
				BEFFB2871672D9850002BF32 /* Icon@2x.png */,
				BEFFB2881672D9850002BF32 /* iTunesArtwork */,
			);
			path = Icon;
			sourceTree = "<group>";
		};
/* End PBXGroup section */

/* Begin PBXNativeTarget section */
		BE4209BE167205310039A925 /* MyStoreSearch */ = {
			isa = PBXNativeTarget;
			buildConfigurationList = BE4209E3167205310039A925 /* Build configuration list for PBXNativeTarget "MyStoreSearch" */;
			buildPhases = (
				BE4209BB167205310039A925 /* Sources */,
				BE4209BC167205310039A925 /* Frameworks */,
				BE4209BD167205310039A925 /* Resources */,
			);
			buildRules = (
			);
			dependencies = (
			);
			name = MyStoreSearch;
			productName = MyStoreSearch;
			productReference = BE4209BF167205310039A925 /* MyStoreSearch.app */;
			productType = "com.apple.product-type.application";
		};
/* End PBXNativeTarget section */

/* Begin PBXProject section */
		BE4209B6167205310039A925 /* Project object */ = {
			isa = PBXProject;
			attributes = {
				LastUpgradeCheck = 0450;
				ORGANIZATIONNAME = "Xingyin Zhu";
			};
			buildConfigurationList = BE4209B9167205310039A925 /* Build configuration list for PBXProject "MyStoreSearch" */;
			compatibilityVersion = "Xcode 3.2";
			developmentRegion = English;
			hasScannedForEncodings = 0;
			knownRegions = (
				en,
			);
			mainGroup = BE4209B4167205310039A925;
			productRefGroup = BE4209C0167205310039A925 /* Products */;
			projectDirPath = "";
			projectRoot = "";
			targets = (
				BE4209BE167205310039A925 /* MyStoreSearch */,
			);
		};
/* End PBXProject section */

/* Begin PBXResourcesBuildPhase section */
		BE4209BD167205310039A925 /* Resources */ = {
			isa = PBXResourcesBuildPhase;
			buildActionMask = 2147483647;
			files = (
				BE4209CE167205310039A925 /* InfoPlist.strings in Resources */,
				BE4209D6167205310039A925 /* Default.png in Resources */,
				BE4209D8167205310039A925 /* Default@2x.png in Resources */,
				BE4209DA167205310039A925 /* Default-568h@2x.png in Resources */,
				BE4209E0167205310039A925 /* SearchViewController.xib in Resources */,
				BEFFB2681672CE200002BF32 /* BarTexture.png in Resources */,
				BEFFB2691672CE200002BF32 /* BarTexture@2x.png in Resources */,
				BEFFB26A1672CE200002BF32 /* CloseButton.png in Resources */,
				BEFFB26B1672CE200002BF32 /* CloseButton@2x.png in Resources */,
				BEFFB26C1672CE200002BF32 /* DetailPlaceholder.png in Resources */,
				BEFFB26D1672CE200002BF32 /* DetailPlaceholder@2x.png in Resources */,
				BEFFB26E1672CE200002BF32 /* LandscapeBackground.png in Resources */,
				BEFFB26F1672CE200002BF32 /* LandscapeButton.png in Resources */,
				BEFFB2701672CE200002BF32 /* LandscapeButton@2x.png in Resources */,
				BEFFB2711672CE200002BF32 /* Placeholder.png in Resources */,
				BEFFB2721672CE200002BF32 /* Placeholder@2x.png in Resources */,
				BEFFB2731672CE200002BF32 /* SelectedTableCellGradient.png in Resources */,
				BEFFB2741672CE200002BF32 /* StoreButton.png in Resources */,
				BEFFB2751672CE200002BF32 /* StoreButton@2x.png in Resources */,
				BEFFB2761672CE200002BF32 /* TableCellGradient.png in Resources */,
				BEFFB2791672CE650002BF32 /* SearchResultCell.xib in Resources */,
				BEFFB27E1672D6590002BF32 /* NothingFoundCell.xib in Resources */,
				BEFFB2891672D9850002BF32 /* Icon-72.png in Resources */,
				BEFFB28A1672D9850002BF32 /* Icon-72@2x.png in Resources */,
				BEFFB28B1672D9850002BF32 /* Icon-Small-50.png in Resources */,
				BEFFB28C1672D9850002BF32 /* Icon-Small-50@2x.png in Resources */,
				BEFFB28D1672D9850002BF32 /* Icon-Small.png in Resources */,
				BEFFB28E1672D9850002BF32 /* Icon-Small@2x.png in Resources */,
				BEFFB28F1672D9850002BF32 /* Icon.png in Resources */,
				BEFFB2901672D9850002BF32 /* Icon@2x.png in Resources */,
				BEFFB2911672D9850002BF32 /* iTunesArtwork in Resources */,
				BE64A396167320CA005F9F48 /* LoadingCell.xib in Resources */,
				BE3641BF167379560023B971 /* Default.png in Resources */,
				BE3641C0167379560023B971 /* Default@2x.png in Resources */,
				BE1DE6681674266200EA10EC /* DetailViewController.xib in Resources */,
			);
			runOnlyForDeploymentPostprocessing = 0;
		};
/* End PBXResourcesBuildPhase section */

/* Begin PBXSourcesBuildPhase section */
		BE4209BB167205310039A925 /* Sources */ = {
			isa = PBXSourcesBuildPhase;
			buildActionMask = 2147483647;
			files = (
				BE4209D0167205310039A925 /* main.m in Sources */,
				BE4209D4167205310039A925 /* AppDelegate.m in Sources */,
				BE4209DD167205310039A925 /* SearchViewController.m in Sources */,
				BE4209F1167231020039A925 /* SearchResult.m in Sources */,
				BEFFB27C1672D1C50002BF32 /* SearchResultCell.m in Sources */,
				BE64A3AF16735AC8005F9F48 /* AFHTTPClient.m in Sources */,
				BE64A3B016735AC8005F9F48 /* AFHTTPRequestOperation.m in Sources */,
				BE64A3B116735AC8005F9F48 /* AFImageCache.m in Sources */,
				BE64A3B216735AC8005F9F48 /* AFImageRequestOperation.m in Sources */,
				BE64A3B316735AC8005F9F48 /* AFJSONRequestOperation.m in Sources */,
				BE64A3B416735AC8005F9F48 /* AFNetworkActivityIndicatorManager.m in Sources */,
				BE64A3B516735AC8005F9F48 /* AFPropertyListRequestOperation.m in Sources */,
				BE64A3B616735AC8005F9F48 /* AFURLConnectionOperation.m in Sources */,
				BE64A3B716735AC8005F9F48 /* AFXMLRequestOperation.m in Sources */,
				BE64A3B816735AC8005F9F48 /* UIImageView+AFNetworking.m in Sources */,
				BE1DE6671674266200EA10EC /* DetailViewController.m in Sources */,
				BE1DE66F1674379400EA10EC /* GradientView.m in Sources */,
			);
			runOnlyForDeploymentPostprocessing = 0;
		};
/* End PBXSourcesBuildPhase section */

/* Begin PBXVariantGroup section */
		BE4209CC167205310039A925 /* InfoPlist.strings */ = {
			isa = PBXVariantGroup;
			children = (
				BE4209CD167205310039A925 /* en */,
			);
			name = InfoPlist.strings;
			sourceTree = "<group>";
		};
		BE4209DE167205310039A925 /* SearchViewController.xib */ = {
			isa = PBXVariantGroup;
			children = (
				BE4209DF167205310039A925 /* en */,
			);
			name = SearchViewController.xib;
			sourceTree = "<group>";
		};
/* End PBXVariantGroup section */

/* Begin XCBuildConfiguration section */
		BE4209E1167205310039A925 /* Debug */ = {
			isa = XCBuildConfiguration;
			buildSettings = {
				ALWAYS_SEARCH_USER_PATHS = NO;
				CLANG_CXX_LANGUAGE_STANDARD = "gnu++0x";
				CLANG_CXX_LIBRARY = "libc++";
				CLANG_ENABLE_OBJC_ARC = YES;
				CLANG_WARN_EMPTY_BODY = YES;
				CLANG_WARN__DUPLICATE_METHOD_MATCH = YES;
				"CODE_SIGN_IDENTITY[sdk=iphoneos*]" = "iPhone Developer";
				COPY_PHASE_STRIP = NO;
				GCC_C_LANGUAGE_STANDARD = gnu99;
				GCC_DYNAMIC_NO_PIC = NO;
				GCC_OPTIMIZATION_LEVEL = 0;
				GCC_PREPROCESSOR_DEFINITIONS = (
					"DEBUG=1",
					"$(inherited)",
				);
				GCC_SYMBOLS_PRIVATE_EXTERN = NO;
				GCC_WARN_ABOUT_RETURN_TYPE = YES;
				GCC_WARN_UNINITIALIZED_AUTOS = YES;
				GCC_WARN_UNUSED_VARIABLE = YES;
				IPHONEOS_DEPLOYMENT_TARGET = 6.0;
				ONLY_ACTIVE_ARCH = YES;
				SDKROOT = iphoneos;
			};
			name = Debug;
		};
		BE4209E2167205310039A925 /* Release */ = {
			isa = XCBuildConfiguration;
			buildSettings = {
				ALWAYS_SEARCH_USER_PATHS = NO;
				CLANG_CXX_LANGUAGE_STANDARD = "gnu++0x";
				CLANG_CXX_LIBRARY = "libc++";
				CLANG_ENABLE_OBJC_ARC = YES;
				CLANG_WARN_EMPTY_BODY = YES;
				CLANG_WARN__DUPLICATE_METHOD_MATCH = YES;
				"CODE_SIGN_IDENTITY[sdk=iphoneos*]" = "iPhone Developer";
				COPY_PHASE_STRIP = YES;
				GCC_C_LANGUAGE_STANDARD = gnu99;
				GCC_WARN_ABOUT_RETURN_TYPE = YES;
				GCC_WARN_UNINITIALIZED_AUTOS = YES;
				GCC_WARN_UNUSED_VARIABLE = YES;
				IPHONEOS_DEPLOYMENT_TARGET = 6.0;
				OTHER_CFLAGS = "-DNS_BLOCK_ASSERTIONS=1";
				SDKROOT = iphoneos;
				VALIDATE_PRODUCT = YES;
			};
			name = Release;
		};
		BE4209E4167205310039A925 /* Debug */ = {
			isa = XCBuildConfiguration;
			buildSettings = {
				GCC_PRECOMPILE_PREFIX_HEADER = YES;
				GCC_PREFIX_HEADER = "MyStoreSearch/MyStoreSearch-Prefix.pch";
				INFOPLIST_FILE = "MyStoreSearch/MyStoreSearch-Info.plist";
				PRODUCT_NAME = "$(TARGET_NAME)";
				RUN_CLANG_STATIC_ANALYZER = YES;
				WARNING_CFLAGS = "-Wall";
				WRAPPER_EXTENSION = app;
			};
			name = Debug;
		};
		BE4209E5167205310039A925 /* Release */ = {
			isa = XCBuildConfiguration;
			buildSettings = {
				GCC_PRECOMPILE_PREFIX_HEADER = YES;
				GCC_PREFIX_HEADER = "MyStoreSearch/MyStoreSearch-Prefix.pch";
				INFOPLIST_FILE = "MyStoreSearch/MyStoreSearch-Info.plist";
				PRODUCT_NAME = "$(TARGET_NAME)";
				RUN_CLANG_STATIC_ANALYZER = YES;
				WARNING_CFLAGS = "-Wall";
				WRAPPER_EXTENSION = app;
			};
			name = Release;
		};
/* End XCBuildConfiguration section */

/* Begin XCConfigurationList section */
		BE4209B9167205310039A925 /* Build configuration list for PBXProject "MyStoreSearch" */ = {
			isa = XCConfigurationList;
			buildConfigurations = (
				BE4209E1167205310039A925 /* Debug */,
				BE4209E2167205310039A925 /* Release */,
			);
			defaultConfigurationIsVisible = 0;
			defaultConfigurationName = Release;
		};
		BE4209E3167205310039A925 /* Build configuration list for PBXNativeTarget "MyStoreSearch" */ = {
			isa = XCConfigurationList;
			buildConfigurations = (
				BE4209E4167205310039A925 /* Debug */,
				BE4209E5167205310039A925 /* Release */,
			);
			defaultConfigurationIsVisible = 0;
			defaultConfigurationName = Release;
		};
/* End XCConfigurationList section */
	};
	rootObject = BE4209B6167205310039A925 /* Project object */;
}
